
Microsoft Visual Studio Solution File, Format Version 12.00
# Visual Studio Version 17
VisualStudioVersion = 17.3.32804.467
MinimumVisualStudioVersion = 10.0.40219.1
Project("{FAE04EC0-301F-11D3-BF4B-00C04F79EFBC}") = "TestAPI", "TestAPI\TestAPI.csproj", "{FAD652AB-AA4B-4B5C-90D9-465AF334BBCE}"
EndProject
Global
	GlobalSection(SolutionConfigurationPlatforms) = preSolution
		Debug|Any CPU = Debug|Any CPU
		Release|Any CPU = Release|Any CPU
	EndGlobalSection
	GlobalSection(ProjectConfigurationPlatforms) = postSolution
		{FAD652AB-AA4B-4B5C-90D9-465AF334BBCE}.Debug|Any CPU.ActiveCfg = Debug|Any CPU
		{FAD652AB-AA4B-4B5C-90D9-465AF334BBCE}.Debug|Any CPU.Build.0 = Debug|Any CPU
		{FAD652AB-AA4B-4B5C-90D9-465AF334BBCE}.Release|Any CPU.ActiveCfg = Release|Any CPU
		{FAD652AB-AA4B-4B5C-90D9-465AF334BBCE}.Release|Any CPU.Build.0 = Release|Any CPU
	EndGlobalSection
	GlobalSection(SolutionProperties) = preSolution
		HideSolutionNode = FALSE
	EndGlobalSection
	GlobalSection(ExtensibilityGlobals) = postSolution
		SolutionGuid = {0E9BD1B6-9A16-4553-AA1A-66CB90572E12}
	EndGlobalSection
EndGlobal
